
Microsoft Visual Studio Solution File, Format Version 12.00
# Visual Studio Version 16
VisualStudioVersion = 16.0.31005.135
MinimumVisualStudioVersion = 10.0.40219.1
Project("{FAE04EC0-301F-11D3-BF4B-00C04F79EFBC}") = "SteadyRain", "SteadyRain.csproj", "{80971FD5-EF74-4356-B9FC-E714C0E07EA5}"
EndProject
Global
	GlobalSection(SolutionConfigurationPlatforms) = preSolution
		Debug|Any CPU = Debug|Any CPU
		Release|Any CPU = Release|Any CPU
	EndGlobalSection
	GlobalSection(ProjectConfigurationPlatforms) = postSolution
		{80971FD5-EF74-4356-B9FC-E714C0E07EA5}.Debug|Any CPU.ActiveCfg = Debug|Any CPU
		{80971FD5-EF74-4356-B9FC-E714C0E07EA5}.Debug|Any CPU.Build.0 = Debug|Any CPU
		{80971FD5-EF74-4356-B9FC-E714C0E07EA5}.Release|Any CPU.ActiveCfg = Release|Any CPU
		{80971FD5-EF74-4356-B9FC-E714C0E07EA5}.Release|Any CPU.Build.0 = Release|Any CPU
	EndGlobalSection
	GlobalSection(SolutionProperties) = preSolution
		HideSolutionNode = FALSE
	EndGlobalSection
	GlobalSection(ExtensibilityGlobals) = postSolution
		SolutionGuid = {DC930D97-AE60-45C9-BB27-F17026DAA628}
	EndGlobalSection
EndGlobal
